
Microsoft Visual Studio Solution File, Format Version 12.00
# Visual Studio Version 17
VisualStudioVersion = 17.1.32421.90
MinimumVisualStudioVersion = 10.0.40219.1
Project("{FAE04EC0-301F-11D3-BF4B-00C04F79EFBC}") = "NDatabase", "NDatabase\NDatabase.csproj", "{0368F61B-3E55-4445-A820-0AC03C17A3A7}"
EndProject
Global
	GlobalSection(SolutionConfigurationPlatforms) = preSolution
		Debug|Any CPU = Debug|Any CPU
		Release|Any CPU = Release|Any CPU
	EndGlobalSection
	GlobalSection(ProjectConfigurationPlatforms) = postSolution
		{0368F61B-3E55-4445-A820-0AC03C17A3A7}.Debug|Any CPU.ActiveCfg = Debug|Any CPU
		{0368F61B-3E55-4445-A820-0AC03C17A3A7}.Debug|Any CPU.Build.0 = Debug|Any CPU
		{0368F61B-3E55-4445-A820-0AC03C17A3A7}.Release|Any CPU.ActiveCfg = Release|Any CPU
		{0368F61B-3E55-4445-A820-0AC03C17A3A7}.Release|Any CPU.Build.0 = Release|Any CPU
	EndGlobalSection
	GlobalSection(SolutionProperties) = preSolution
		HideSolutionNode = FALSE
	EndGlobalSection
	GlobalSection(ExtensibilityGlobals) = postSolution
		SolutionGuid = {0E61A552-4491-4073-9CFC-46CD18B496C4}
	EndGlobalSection
EndGlobal
